
Microsoft Visual Studio Solution File, Format Version 12.00
# Visual Studio Version 17
VisualStudioVersion = 17.5.002.0
MinimumVisualStudioVersion = 10.0.40219.1
Project("{2150E333-8FDC-42A3-9474-1A3956D46DE8}") = "csharp-prep", "csharp-prep", "{D487205A-6AA2-4C44-B920-94C6263A7835}"
EndProject
Project("{9A19103F-16F7-4668-BE54-9A1E7A4F7556}") = "Prep1", "csharp-prep\Prep1\Prep1.csproj", "{DE438B3F-A869-4B2F-B8C2-EFC7FFC8CB38}"
EndProject
Project("{9A19103F-16F7-4668-BE54-9A1E7A4F7556}") = "Prep2", "csharp-prep\Prep2\Prep2.csproj", "{9EED181A-AFBD-4EC4-B50F-093D8EE51591}"
EndProject
Project("{9A19103F-16F7-4668-BE54-9A1E7A4F7556}") = "Prep3", "csharp-prep\Prep3\Prep3.csproj", "{32662B1F-6085-4998-881E-34E35C519148}"
EndProject
Project("{9A19103F-16F7-4668-BE54-9A1E7A4F7556}") = "Prep4", "csharp-prep\Prep4\Prep4.csproj", "{AF1C185A-A059-4B53-95C7-F4103259D746}"
EndProject
Project("{9A19103F-16F7-4668-BE54-9A1E7A4F7556}") = "Prep5", "csharp-prep\Prep5\Prep5.csproj", "{B32D1CF5-8519-401D-A802-9BCA692B4228}"
EndProject
Project("{2150E333-8FDC-42A3-9474-1A3956D46DE8}") = "final", "final", "{651C73A7-3D9C-49B9-889F-CFD8CBBF24CC}"
EndProject
Project("{9A19103F-16F7-4668-BE54-9A1E7A4F7556}") = "FinalProject", "final\FinalProject\FinalProject.csproj", "{7685EF13-E463-4AA4-B764-04D54D2E6150}"
EndProject
Project("{9A19103F-16F7-4668-BE54-9A1E7A4F7556}") = "Foundation1", "final\Foundation1\Foundation1.csproj", "{A5F304BF-0DE9-488A-8633-748F632249EC}"
EndProject
Project("{9A19103F-16F7-4668-BE54-9A1E7A4F7556}") = "Foundation2", "final\Foundation2\Foundation2.csproj", "{43A7B2A7-85B8-4CDD-AB69-51168EF6B6DB}"
EndProject
Project("{9A19103F-16F7-4668-BE54-9A1E7A4F7556}") = "Foundation3", "final\Foundation3\Foundation3.csproj", "{57D1FA46-DA95-4CC9-A06F-4F91CF3356C8}"
EndProject
Project("{9A19103F-16F7-4668-BE54-9A1E7A4F7556}") = "Foundation4", "final\Foundation4\Foundation4.csproj", "{323B7B59-EDB5-471F-A32E-ACE6AFF36984}"
EndProject
Project("{2150E333-8FDC-42A3-9474-1A3956D46DE8}") = "prepare", "prepare", "{286BE6BA-7412-464B-BC04-B01C6D9C679C}"
EndProject
Project("{9A19103F-16F7-4668-BE54-9A1E7A4F7556}") = "Learning02", "prepare\Learning02\Learning02.csproj", "{FF11E756-182F-4AD0-98DA-B69BA31AA6B2}"
EndProject
Project("{9A19103F-16F7-4668-BE54-9A1E7A4F7556}") = "Learning03", "prepare\Learning03\Learning03.csproj", "{ED1EFA57-4F44-4345-81BA-FCCD39D2D38E}"
EndProject
Project("{9A19103F-16F7-4668-BE54-9A1E7A4F7556}") = "Learning04", "prepare\Learning04\Learning04.csproj", "{BED57C60-FA16-4483-B05A-5A6B6D611D78}"
EndProject
Project("{9A19103F-16F7-4668-BE54-9A1E7A4F7556}") = "Learning05", "prepare\Learning05\Learning05.csproj", "{515681EC-E827-4321-9E07-2E1184B7D105}"
EndProject
Project("{2150E333-8FDC-42A3-9474-1A3956D46DE8}") = "prove", "prove", "{042E6B14-C1E7-4C03-9DCC-DC3AF32A14C2}"
EndProject
Project("{9A19103F-16F7-4668-BE54-9A1E7A4F7556}") = "Develop02", "prove\Develop02\Develop02.csproj", "{FCDBE779-430D-490D-BC11-A3C09D0AEA11}"
EndProject
Project("{9A19103F-16F7-4668-BE54-9A1E7A4F7556}") = "Develop03", "prove\Develop03\Develop03.csproj", "{B41729AE-D108-4F87-AB07-BBD34AB23F39}"
EndProject
Project("{9A19103F-16F7-4668-BE54-9A1E7A4F7556}") = "Develop04", "prove\Develop04\Develop04.csproj", "{A374BE8A-0EAD-4DD1-A374-94806BD2480F}"
EndProject
Project("{9A19103F-16F7-4668-BE54-9A1E7A4F7556}") = "Develop05", "prove\Develop05\Develop05.csproj", "{AD84A700-0B55-47FA-A2EB-29C07A8320BE}"
EndProject
Project("{2150E333-8FDC-42A3-9474-1A3956D46DE8}") = "sandbox", "sandbox", "{F7C60E20-410F-4EF4-90CC-FE86349C3AE7}"
EndProject
Project("{9A19103F-16F7-4668-BE54-9A1E7A4F7556}") = "Sandbox", "sandbox\Sandbox\Sandbox.csproj", "{55C60019-671C-4542-8511-A500AC1E9093}"
EndProject
Global
	GlobalSection(SolutionConfigurationPlatforms) = preSolution
		Debug|Any CPU = Debug|Any CPU
		Release|Any CPU = Release|Any CPU
	EndGlobalSection
	GlobalSection(ProjectConfigurationPlatforms) = postSolution
		{DE438B3F-A869-4B2F-B8C2-EFC7FFC8CB38}.Debug|Any CPU.ActiveCfg = Debug|Any CPU
		{DE438B3F-A869-4B2F-B8C2-EFC7FFC8CB38}.Debug|Any CPU.Build.0 = Debug|Any CPU
		{DE438B3F-A869-4B2F-B8C2-EFC7FFC8CB38}.Release|Any CPU.ActiveCfg = Release|Any CPU
		{DE438B3F-A869-4B2F-B8C2-EFC7FFC8CB38}.Release|Any CPU.Build.0 = Release|Any CPU
		{9EED181A-AFBD-4EC4-B50F-093D8EE51591}.Debug|Any CPU.ActiveCfg = Debug|Any CPU
		{9EED181A-AFBD-4EC4-B50F-093D8EE51591}.Debug|Any CPU.Build.0 = Debug|Any CPU
		{9EED181A-AFBD-4EC4-B50F-093D8EE51591}.Release|Any CPU.ActiveCfg = Release|Any CPU
		{9EED181A-AFBD-4EC4-B50F-093D8EE51591}.Release|Any CPU.Build.0 = Release|Any CPU
		{32662B1F-6085-4998-881E-34E35C519148}.Debug|Any CPU.ActiveCfg = Debug|Any CPU
		{32662B1F-6085-4998-881E-34E35C519148}.Debug|Any CPU.Build.0 = Debug|Any CPU
		{32662B1F-6085-4998-881E-34E35C519148}.Release|Any CPU.ActiveCfg = Release|Any CPU
		{32662B1F-6085-4998-881E-34E35C519148}.Release|Any CPU.Build.0 = Release|Any CPU
		{AF1C185A-A059-4B53-95C7-F4103259D746}.Debug|Any CPU.ActiveCfg = Debug|Any CPU
		{AF1C185A-A059-4B53-95C7-F4103259D746}.Debug|Any CPU.Build.0 = Debug|Any CPU
		{AF1C185A-A059-4B53-95C7-F4103259D746}.Release|Any CPU.ActiveCfg = Release|Any CPU
		{AF1C185A-A059-4B53-95C7-F4103259D746}.Release|Any CPU.Build.0 = Release|Any CPU
		{B32D1CF5-8519-401D-A802-9BCA692B4228}.Debug|Any CPU.ActiveCfg = Debug|Any CPU
		{B32D1CF5-8519-401D-A802-9BCA692B4228}.Debug|Any CPU.Build.0 = Debug|Any CPU
		{B32D1CF5-8519-401D-A802-9BCA692B4228}.Release|Any CPU.ActiveCfg = Release|Any CPU
		{B32D1CF5-8519-401D-A802-9BCA692B4228}.Release|Any CPU.Build.0 = Release|Any CPU
		{7685EF13-E463-4AA4-B764-04D54D2E6150}.Debug|Any CPU.ActiveCfg = Debug|Any CPU
		{7685EF13-E463-4AA4-B764-04D54D2E6150}.Debug|Any CPU.Build.0 = Debug|Any CPU
		{7685EF13-E463-4AA4-B764-04D54D2E6150}.Release|Any CPU.ActiveCfg = Release|Any CPU
		{7685EF13-E463-4AA4-B764-04D54D2E6150}.Release|Any CPU.Build.0 = Release|Any CPU
		{A5F304BF-0DE9-488A-8633-748F632249EC}.Debug|Any CPU.ActiveCfg = Debug|Any CPU
		{A5F304BF-0DE9-488A-8633-748F632249EC}.Debug|Any CPU.Build.0 = Debug|Any CPU
		{A5F304BF-0DE9-488A-8633-748F632249EC}.Release|Any CPU.ActiveCfg = Release|Any CPU
		{A5F304BF-0DE9-488A-8633-748F632249EC}.Release|Any CPU.Build.0 = Release|Any CPU
		{43A7B2A7-85B8-4CDD-AB69-51168EF6B6DB}.Debug|Any CPU.ActiveCfg = Debug|Any CPU
		{43A7B2A7-85B8-4CDD-AB69-51168EF6B6DB}.Debug|Any CPU.Build.0 = Debug|Any CPU
		{43A7B2A7-85B8-4CDD-AB69-51168EF6B6DB}.Release|Any CPU.ActiveCfg = Release|Any CPU
		{43A7B2A7-85B8-4CDD-AB69-51168EF6B6DB}.Release|Any CPU.Build.0 = Release|Any CPU
		{57D1FA46-DA95-4CC9-A06F-4F91CF3356C8}.Debug|Any CPU.ActiveCfg = Debug|Any CPU
		{57D1FA46-DA95-4CC9-A06F-4F91CF3356C8}.Debug|Any CPU.Build.0 = Debug|Any CPU
		{57D1FA46-DA95-4CC9-A06F-4F91CF3356C8}.Release|Any CPU.ActiveCfg = Release|Any CPU
		{57D1FA46-DA95-4CC9-A06F-4F91CF3356C8}.Release|Any CPU.Build.0 = Release|Any CPU
		{323B7B59-EDB5-471F-A32E-ACE6AFF36984}.Debug|Any CPU.ActiveCfg = Debug|Any CPU
		{323B7B59-EDB5-471F-A32E-ACE6AFF36984}.Debug|Any CPU.Build.0 = Debug|Any CPU
		{323B7B59-EDB5-471F-A32E-ACE6AFF36984}.Release|Any CPU.ActiveCfg = Release|Any CPU
		{323B7B59-EDB5-471F-A32E-ACE6AFF36984}.Release|Any CPU.Build.0 = Release|Any CPU
		{FF11E756-182F-4AD0-98DA-B69BA31AA6B2}.Debug|Any CPU.ActiveCfg = Debug|Any CPU
		{FF11E756-182F-4AD0-98DA-B69BA31AA6B2}.Debug|Any CPU.Build.0 = Debug|Any CPU
		{FF11E756-182F-4AD0-98DA-B69BA31AA6B2}.Release|Any CPU.ActiveCfg = Release|Any CPU
		{FF11E756-182F-4AD0-98DA-B69BA31AA6B2}.Release|Any CPU.Build.0 = Release|Any CPU
		{ED1EFA57-4F44-4345-81BA-FCCD39D2D38E}.Debug|Any CPU.ActiveCfg = Debug|Any CPU
		{ED1EFA57-4F44-4345-81BA-FCCD39D2D38E}.Debug|Any CPU.Build.0 = Debug|Any CPU
		{ED1EFA57-4F44-4345-81BA-FCCD39D2D38E}.Release|Any CPU.ActiveCfg = Release|Any CPU
		{ED1EFA57-4F44-4345-81BA-FCCD39D2D38E}.Release|Any CPU.Build.0 = Release|Any CPU
		{BED57C60-FA16-4483-B05A-5A6B6D611D78}.Debug|Any CPU.ActiveCfg = Debug|Any CPU
		{BED57C60-FA16-4483-B05A-5A6B6D611D78}.Debug|Any CPU.Build.0 = Debug|Any CPU
		{BED57C60-FA16-4483-B05A-5A6B6D611D78}.Release|Any CPU.ActiveCfg = Release|Any CPU
		{BED57C60-FA16-4483-B05A-5A6B6D611D78}.Release|Any CPU.Build.0 = Release|Any CPU
		{515681EC-E827-4321-9E07-2E1184B7D105}.Debug|Any CPU.ActiveCfg = Debug|Any CPU
		{515681EC-E827-4321-9E07-2E1184B7D105}.Debug|Any CPU.Build.0 = Debug|Any CPU
		{515681EC-E827-4321-9E07-2E1184B7D105}.Release|Any CPU.ActiveCfg = Release|Any CPU
		{515681EC-E827-4321-9E07-2E1184B7D105}.Release|Any CPU.Build.0 = Release|Any CPU
		{FCDBE779-430D-490D-BC11-A3C09D0AEA11}.Debug|Any CPU.ActiveCfg = Debug|Any CPU
		{FCDBE779-430D-490D-BC11-A3C09D0AEA11}.Debug|Any CPU.Build.0 = Debug|Any CPU
		{FCDBE779-430D-490D-BC11-A3C09D0AEA11}.Release|Any CPU.ActiveCfg = Release|Any CPU
		{FCDBE779-430D-490D-BC11-A3C09D0AEA11}.Release|Any CPU.Build.0 = Release|Any CPU
		{B41729AE-D108-4F87-AB07-BBD34AB23F39}.Debug|Any CPU.ActiveCfg = Debug|Any CPU
		{B41729AE-D108-4F87-AB07-BBD34AB23F39}.Debug|Any CPU.Build.0 = Debug|Any CPU
		{B41729AE-D108-4F87-AB07-BBD34AB23F39}.Release|Any CPU.ActiveCfg = Release|Any CPU
		{B41729AE-D108-4F87-AB07-BBD34AB23F39}.Release|Any CPU.Build.0 = Release|Any CPU
		{A374BE8A-0EAD-4DD1-A374-94806BD2480F}.Debug|Any CPU.ActiveCfg = Debug|Any CPU
		{A374BE8A-0EAD-4DD1-A374-94806BD2480F}.Debug|Any CPU.Build.0 = Debug|Any CPU
		{A374BE8A-0EAD-4DD1-A374-94806BD2480F}.Release|Any CPU.ActiveCfg = Release|Any CPU
		{A374BE8A-0EAD-4DD1-A374-94806BD2480F}.Release|Any CPU.Build.0 = Release|Any CPU
		{AD84A700-0B55-47FA-A2EB-29C07A8320BE}.Debug|Any CPU.ActiveCfg = Debug|Any CPU
		{AD84A700-0B55-47FA-A2EB-29C07A8320BE}.Debug|Any CPU.Build.0 = Debug|Any CPU
		{AD84A700-0B55-47FA-A2EB-29C07A8320BE}.Release|Any CPU.ActiveCfg = Release|Any CPU
		{AD84A700-0B55-47FA-A2EB-29C07A8320BE}.Release|Any CPU.Build.0 = Release|Any CPU
		{55C60019-671C-4542-8511-A500AC1E9093}.Debug|Any CPU.ActiveCfg = Debug|Any CPU
		{55C60019-671C-4542-8511-A500AC1E9093}.Debug|Any CPU.Build.0 = Debug|Any CPU
		{55C60019-671C-4542-8511-A500AC1E9093}.Release|Any CPU.ActiveCfg = Release|Any CPU
		{55C60019-671C-4542-8511-A500AC1E9093}.Release|Any CPU.Build.0 = Release|Any CPU
	EndGlobalSection
	GlobalSection(SolutionProperties) = preSolution
		HideSolutionNode = FALSE
	EndGlobalSection
	GlobalSection(NestedProjects) = preSolution
		{DE438B3F-A869-4B2F-B8C2-EFC7FFC8CB38} = {D487205A-6AA2-4C44-B920-94C6263A7835}
		{9EED181A-AFBD-4EC4-B50F-093D8EE51591} = {D487205A-6AA2-4C44-B920-94C6263A7835}
		{32662B1F-6085-4998-881E-34E35C519148} = {D487205A-6AA2-4C44-B920-94C6263A7835}
		{AF1C185A-A059-4B53-95C7-F4103259D746} = {D487205A-6AA2-4C44-B920-94C6263A7835}
		{B32D1CF5-8519-401D-A802-9BCA692B4228} = {D487205A-6AA2-4C44-B920-94C6263A7835}
		{7685EF13-E463-4AA4-B764-04D54D2E6150} = {651C73A7-3D9C-49B9-889F-CFD8CBBF24CC}
		{A5F304BF-0DE9-488A-8633-748F632249EC} = {651C73A7-3D9C-49B9-889F-CFD8CBBF24CC}
		{43A7B2A7-85B8-4CDD-AB69-51168EF6B6DB} = {651C73A7-3D9C-49B9-889F-CFD8CBBF24CC}
		{57D1FA46-DA95-4CC9-A06F-4F91CF3356C8} = {651C73A7-3D9C-49B9-889F-CFD8CBBF24CC}
		{323B7B59-EDB5-471F-A32E-ACE6AFF36984} = {651C73A7-3D9C-49B9-889F-CFD8CBBF24CC}
		{FF11E756-182F-4AD0-98DA-B69BA31AA6B2} = {286BE6BA-7412-464B-BC04-B01C6D9C679C}
		{ED1EFA57-4F44-4345-81BA-FCCD39D2D38E} = {286BE6BA-7412-464B-BC04-B01C6D9C679C}
		{BED57C60-FA16-4483-B05A-5A6B6D611D78} = {286BE6BA-7412-464B-BC04-B01C6D9C679C}
		{515681EC-E827-4321-9E07-2E1184B7D105} = {286BE6BA-7412-464B-BC04-B01C6D9C679C}
		{FCDBE779-430D-490D-BC11-A3C09D0AEA11} = {042E6B14-C1E7-4C03-9DCC-DC3AF32A14C2}
		{B41729AE-D108-4F87-AB07-BBD34AB23F39} = {042E6B14-C1E7-4C03-9DCC-DC3AF32A14C2}
		{A374BE8A-0EAD-4DD1-A374-94806BD2480F} = {042E6B14-C1E7-4C03-9DCC-DC3AF32A14C2}
		{AD84A700-0B55-47FA-A2EB-29C07A8320BE} = {042E6B14-C1E7-4C03-9DCC-DC3AF32A14C2}
		{55C60019-671C-4542-8511-A500AC1E9093} = {F7C60E20-410F-4EF4-90CC-FE86349C3AE7}
	EndGlobalSection
	GlobalSection(ExtensibilityGlobals) = postSolution
		SolutionGuid = {31C66B36-EA45-43CF-BAF5-EAAA8C1C93D2}
	EndGlobalSection
EndGlobal
